
Microsoft Visual Studio Solution File, Format Version 12.00
# Visual Studio Version 17
VisualStudioVersion = 17.8.34511.84
MinimumVisualStudioVersion = 10.0.40219.1
Project("{FAE04EC0-301F-11D3-BF4B-00C04F79EFBC}") = "APROG_DIR", "APROG_DIR.csproj", "{0404199D-E069-474F-A4E4-F78A3F88DB65}"
Project("{FAE04EC0-301F-11D3-BF4B-00C04F79EFBC}") = "SoupCatUtils", "src\SoupCatUtils.csproj", "{0404199D-E069-474F-A4E4-F78A3F88DB67}"
EndProject
Global
	GlobalSection(SolutionConfigurationPlatforms) = preSolution
		Debug|Any CPU = Debug|Any CPU
		Release|Any CPU = Release|Any CPU
	EndGlobalSection
	GlobalSection(ProjectConfigurationPlatforms) = postSolution
		{0404199D-E069-474F-A4E4-F78A3F88DB65}.Debug|Any CPU.ActiveCfg = Debug|Any CPU
		{0404199D-E069-474F-A4E4-F78A3F88DB65}.Debug|Any CPU.Build.0 = Debug|Any CPU
		{0404199D-E069-474F-A4E4-F78A3F88DB65}.Release|Any CPU.ActiveCfg = Release|Any CPU
		{0404199D-E069-474F-A4E4-F78A3F88DB65}.Release|Any CPU.Build.0 = Release|Any CPU
		{0404199D-E069-474F-A4E4-F78A3F88DB67}.Debug|Any CPU.ActiveCfg = Debug|Any CPU
		{0404199D-E069-474F-A4E4-F78A3F88DB67}.Debug|Any CPU.Build.0 = Debug|Any CPU
		{0404199D-E069-474F-A4E4-F78A3F88DB67}.Release|Any CPU.ActiveCfg = Release|Any CPU
		{0404199D-E069-474F-A4E4-F78A3F88DB67}.Release|Any CPU.Build.0 = Release|Any CPU
	EndGlobalSection
	GlobalSection(SolutionProperties) = preSolution
		HideSolutionNode = FALSE
	EndGlobalSection
	GlobalSection(ExtensibilityGlobals) = postSolution
		SolutionGuid = {707404BA-A6BE-4D27-9A18-304F3856655C}
	EndGlobalSection
EndGlobal
